
Microsoft Visual Studio Solution File, Format Version 12.00
# Visual Studio Version 17
VisualStudioVersion = 17.13.35828.75 d17.13
MinimumVisualStudioVersion = 10.0.40219.1
Project("{8BC9CEB8-8B4A-11D0-8D11-00A0C91BC942}") = "myName", "myName.vcxproj", "{D22C6FF3-1CD3-41E5-8CE7-D82AC9D1FE4C}"
EndProject
Global
	GlobalSection(SolutionConfigurationPlatforms) = preSolution
		Debug|x64 = Debug|x64
		Debug|x86 = Debug|x86
		Release|x64 = Release|x64
		Release|x86 = Release|x86
	EndGlobalSection
	GlobalSection(ProjectConfigurationPlatforms) = postSolution
		{D22C6FF3-1CD3-41E5-8CE7-D82AC9D1FE4C}.Debug|x64.ActiveCfg = Debug|x64
		{D22C6FF3-1CD3-41E5-8CE7-D82AC9D1FE4C}.Debug|x64.Build.0 = Debug|x64
		{D22C6FF3-1CD3-41E5-8CE7-D82AC9D1FE4C}.Debug|x86.ActiveCfg = Debug|Win32
		{D22C6FF3-1CD3-41E5-8CE7-D82AC9D1FE4C}.Debug|x86.Build.0 = Debug|Win32
		{D22C6FF3-1CD3-41E5-8CE7-D82AC9D1FE4C}.Release|x64.ActiveCfg = Release|x64
		{D22C6FF3-1CD3-41E5-8CE7-D82AC9D1FE4C}.Release|x64.Build.0 = Release|x64
		{D22C6FF3-1CD3-41E5-8CE7-D82AC9D1FE4C}.Release|x86.ActiveCfg = Release|Win32
		{D22C6FF3-1CD3-41E5-8CE7-D82AC9D1FE4C}.Release|x86.Build.0 = Release|Win32
	EndGlobalSection
	GlobalSection(SolutionProperties) = preSolution
		HideSolutionNode = FALSE
	EndGlobalSection
	GlobalSection(ExtensibilityGlobals) = postSolution
		SolutionGuid = {5238BF96-1BBC-41CF-8EB1-ADB63F19AB5A}
	EndGlobalSection
EndGlobal
